<?xml version="1.0" encoding="utf-8"?>
<Project ToolsVersion="4.0" xmlns="http://schemas.microsoft.com/developer/msbuild/2003">
  <ItemGroup>
    <Filter Include="Quelldateien">
      <UniqueIdentifier>{4FC737F1-C7A5-4376-A066-2A32D752A2FF}</UniqueIdentifier>
      <Extensions>cpp;c;cc;cxx;def;odl;idl;hpj;bat;asm;asmx</Extensions>
    </Filter>
    <Filter Include="Headerdateien">
      <UniqueIdentifier>{93995380-89BD-4b04-88EB-625FBE52EBFB}</UniqueIdentifier>
      <Extensions>h;hh;hpp;hxx;hm;inl;inc;xsd</Extensions>
    </Filter>
    <Filter Include="Ressourcendateien">
      <UniqueIdentifier>{67DA6AB6-F800-4c08-8B7A-83BB121AAD01}</UniqueIdentifier>
      <Extensions>rc;ico;cur;bmp;dlg;rc2;rct;bin;rgs;gif;jpg;jpeg;jpe;resx;tiff;tif;png;wav;mfcribbon-ms</Extensions>
    </Filter>
    <Filter Include="Shader">
      <UniqueIdentifier>{3fe00507-aebd-48d6-8375-324f965d175c}</UniqueIdentifier>
    </Filter>
  </ItemGroup>
  <ItemGroup>
    <ClCompile Include="EngineController.cpp">
      <Filter>Quelldateien</Filter>
    </ClCompile>
    <ClCompile Include="EngineModel.cpp">
      <Filter>Quelldateien</Filter>
    </ClCompile>
    <ClCompile Include="EngineView.cpp">
      <Filter>Quelldateien</Filter>
    </ClCompile>
    <ClCompile Include="Display.cpp">
      <Filter>Quelldateien</Filter>
    </ClCompile>
    <ClCompile Include="Renderer.cpp">
      <Filter>Quelldateien</Filter>
    </ClCompile>
    <ClCompile Include="Texture.cpp">
      <Filter>Quelldateien</Filter>
    </ClCompile>
    <ClCompile Include="Session.cpp">
      <Filter>Quelldateien</Filter>
    </ClCompile>
    <ClCompile Include="Level.cpp">
      <Filter>Quelldateien</Filter>
    </ClCompile>
    <ClCompile Include="Physics.cpp">
      <Filter>Quelldateien</Filter>
    </ClCompile>
    <ClCompile Include="Entity.cpp">
      <Filter>Quelldateien</Filter>
    </ClCompile>
    <ClCompile Include="Timer.cpp">
      <Filter>Quelldateien</Filter>
    </ClCompile>
    <ClCompile Include="Grid.cpp">
      <Filter>Quelldateien</Filter>
    </ClCompile>
  </ItemGroup>
  <ItemGroup>
    <ClInclude Include="EngineController.h">
      <Filter>Headerdateien</Filter>
    </ClInclude>
    <ClInclude Include="EngineModel.h">
      <Filter>Headerdateien</Filter>
    </ClInclude>
    <ClInclude Include="EngineView.h">
      <Filter>Headerdateien</Filter>
    </ClInclude>
    <ClInclude Include="Display.h">
      <Filter>Headerdateien</Filter>
    </ClInclude>
    <ClInclude Include="Renderer.h">
      <Filter>Headerdateien</Filter>
    </ClInclude>
    <ClInclude Include="Drawable.h">
      <Filter>Headerdateien</Filter>
    </ClInclude>
    <ClInclude Include="Texture.h">
      <Filter>Headerdateien</Filter>
    </ClInclude>
    <ClInclude Include="Config.h">
      <Filter>Headerdateien</Filter>
    </ClInclude>
    <ClInclude Include="Session.h">
      <Filter>Headerdateien</Filter>
    </ClInclude>
    <ClInclude Include="Level.h">
      <Filter>Headerdateien</Filter>
    </ClInclude>
    <ClInclude Include="Physics.h">
      <Filter>Headerdateien</Filter>
    </ClInclude>
    <ClInclude Include="PhysicalObject.h">
      <Filter>Headerdateien</Filter>
    </ClInclude>
    <ClInclude Include="Entity.h">
      <Filter>Headerdateien</Filter>
    </ClInclude>
    <ClInclude Include="Timer.h">
      <Filter>Headerdateien</Filter>
    </ClInclude>
    <ClInclude Include="Shader.h">
      <Filter>Headerdateien</Filter>
    </ClInclude>
    <ClInclude Include="Grid.h">
      <Filter>Headerdateien</Filter>
    </ClInclude>
  </ItemGroup>
  <ItemGroup>
    <None Include="..\..\VS_OpenGL_Sample_Textured Rectangle\OpenGL_Sample_Textured Rectangle\colorShader.frag">
      <Filter>Shader</Filter>
    </None>
    <None Include="..\..\VS_OpenGL_Sample_Textured Rectangle\OpenGL_Sample_Textured Rectangle\colorShader.vert">
      <Filter>Shader</Filter>
    </None>
    <None Include="..\..\VS_OpenGL_Sample_Textured Rectangle\OpenGL_Sample_Textured Rectangle\textureShader.frag">
      <Filter>Shader</Filter>
    </None>
    <None Include="..\..\VS_OpenGL_Sample_Textured Rectangle\OpenGL_Sample_Textured Rectangle\textureShader.vert">
      <Filter>Shader</Filter>
    </None>
  </ItemGroup>
  <ItemGroup>
    <Image Include="..\..\VS_OpenGL_Sample_Textured Rectangle\OpenGL_Sample_Textured Rectangle\bgimage.jpg">
      <Filter>Ressourcendateien</Filter>
    </Image>
  </ItemGroup>
</Project>