<?xml version="1.0" encoding="utf-8"?>
<Project ToolsVersion="4.0" xmlns="http://schemas.microsoft.com/developer/msbuild/2003">
  <ItemGroup>
    <Filter Include="Quelldateien">
      <UniqueIdentifier>{4FC737F1-C7A5-4376-A066-2A32D752A2FF}</UniqueIdentifier>
      <Extensions>cpp;c;cc;cxx;def;odl;idl;hpj;bat;asm;asmx</Extensions>
    </Filter>
    <Filter Include="Headerdateien">
      <UniqueIdentifier>{93995380-89BD-4b04-88EB-625FBE52EBFB}</UniqueIdentifier>
      <Extensions>h;hh;hpp;hxx;hm;inl;inc;xsd</Extensions>
    </Filter>
    <Filter Include="Ressourcendateien">
      <UniqueIdentifier>{67DA6AB6-F800-4c08-8B7A-83BB121AAD01}</UniqueIdentifier>
      <Extensions>rc;ico;cur;bmp;dlg;rc2;rct;bin;rgs;gif;jpg;jpeg;jpe;resx;tiff;tif;png;wav;mfcribbon-ms</Extensions>
    </Filter>
  </ItemGroup>
  <ItemGroup>
    <Image Include="textures\player_climb1.bmp">
      <Filter>Ressourcendateien</Filter>
    </Image>
    <Image Include="textures\player_climb2.bmp">
      <Filter>Ressourcendateien</Filter>
    </Image>
    <Image Include="textures\player_run1_left.bmp">
      <Filter>Ressourcendateien</Filter>
    </Image>
    <Image Include="textures\player_run1_right.bmp">
      <Filter>Ressourcendateien</Filter>
    </Image>
    <Image Include="textures\player_run2_left.bmp">
      <Filter>Ressourcendateien</Filter>
    </Image>
    <Image Include="textures\player_run2_right.bmp">
      <Filter>Ressourcendateien</Filter>
    </Image>
    <Image Include="textures\border_bottom.bmp">
      <Filter>Ressourcendateien</Filter>
    </Image>
    <Image Include="textures\border_top.bmp">
      <Filter>Ressourcendateien</Filter>
    </Image>
    <Image Include="textures\ladder.bmp">
      <Filter>Ressourcendateien</Filter>
    </Image>
    <Image Include="textures\player_dig1_left.bmp">
      <Filter>Ressourcendateien</Filter>
    </Image>
    <Image Include="textures\player_dig1_right.bmp">
      <Filter>Ressourcendateien</Filter>
    </Image>
    <Image Include="textures\player_dig2_left.bmp">
      <Filter>Ressourcendateien</Filter>
    </Image>
    <Image Include="textures\player_dig2_right.bmp">
      <Filter>Ressourcendateien</Filter>
    </Image>
    <Image Include="textures\stone1left.bmp">
      <Filter>Ressourcendateien</Filter>
    </Image>
    <Image Include="textures\stone1middle.bmp">
      <Filter>Ressourcendateien</Filter>
    </Image>
    <Image Include="textures\stone1right.bmp">
      <Filter>Ressourcendateien</Filter>
    </Image>
    <Image Include="textures\stone2left.bmp">
      <Filter>Ressourcendateien</Filter>
    </Image>
    <Image Include="textures\stone2middle.bmp">
      <Filter>Ressourcendateien</Filter>
    </Image>
    <Image Include="textures\stone2right.bmp">
      <Filter>Ressourcendateien</Filter>
    </Image>
  </ItemGroup>
  <ItemGroup>
    <ClCompile Include="sample1.cpp">
      <Filter>Quelldateien</Filter>
    </ClCompile>
    <ClCompile Include="SpacePanicController.cpp">
      <Filter>Quelldateien</Filter>
    </ClCompile>
    <ClCompile Include="SpacePanicModel.cpp">
      <Filter>Quelldateien</Filter>
    </ClCompile>
    <ClCompile Include="SpacePanicView.cpp">
      <Filter>Quelldateien</Filter>
    </ClCompile>
    <ClCompile Include="PlayerEntity.cpp">
      <Filter>Quelldateien</Filter>
    </ClCompile>
    <ClCompile Include="EnemyEntity.cpp">
      <Filter>Quelldateien</Filter>
    </ClCompile>
    <ClCompile Include="WallEntity.cpp">
      <Filter>Quelldateien</Filter>
    </ClCompile>
    <ClCompile Include="GameConfig.cpp">
      <Filter>Quelldateien</Filter>
    </ClCompile>
    <ClCompile Include="Stage1.cpp">
      <Filter>Quelldateien</Filter>
    </ClCompile>
  </ItemGroup>
  <ItemGroup>
    <ClInclude Include="SpacePanicController.h">
      <Filter>Headerdateien</Filter>
    </ClInclude>
    <ClInclude Include="SpacePanicModel.h">
      <Filter>Headerdateien</Filter>
    </ClInclude>
    <ClInclude Include="SpacePanicView.h">
      <Filter>Headerdateien</Filter>
    </ClInclude>
    <ClInclude Include="PlayerEntity.h">
      <Filter>Headerdateien</Filter>
    </ClInclude>
    <ClInclude Include="EnemyEntity.h">
      <Filter>Headerdateien</Filter>
    </ClInclude>
    <ClInclude Include="WallEntity.h">
      <Filter>Headerdateien</Filter>
    </ClInclude>
    <ClInclude Include="GameConfig.h">
      <Filter>Headerdateien</Filter>
    </ClInclude>
    <ClInclude Include="Stage1.h">
      <Filter>Headerdateien</Filter>
    </ClInclude>
  </ItemGroup>
  <ItemGroup>
    <Text Include="levels\stage1.txt" />
  </ItemGroup>
</Project>