<?xml version="1.0" encoding="utf-8"?>
<Project ToolsVersion="4.0" xmlns="http://schemas.microsoft.com/developer/msbuild/2003">
  <ItemGroup>
    <Filter Include="Quelldateien">
      <UniqueIdentifier>{4FC737F1-C7A5-4376-A066-2A32D752A2FF}</UniqueIdentifier>
      <Extensions>cpp;c;cc;cxx;def;odl;idl;hpj;bat;asm;asmx</Extensions>
    </Filter>
    <Filter Include="Headerdateien">
      <UniqueIdentifier>{93995380-89BD-4b04-88EB-625FBE52EBFB}</UniqueIdentifier>
      <Extensions>h;hh;hpp;hxx;hm;inl;inc;xsd</Extensions>
    </Filter>
    <Filter Include="Ressourcendateien">
      <UniqueIdentifier>{67DA6AB6-F800-4c08-8B7A-83BB121AAD01}</UniqueIdentifier>
      <Extensions>rc;ico;cur;bmp;dlg;rc2;rct;bin;rgs;gif;jpg;jpeg;jpe;resx;tiff;tif;png;wav;mfcribbon-ms</Extensions>
    </Filter>
    <Filter Include="Ressourcendateien\Images">
      <UniqueIdentifier>{75b0907a-e2fc-464d-b3eb-fb049855b736}</UniqueIdentifier>
    </Filter>
    <Filter Include="Ressourcendateien\Leveldata">
      <UniqueIdentifier>{788c3a58-71dd-4db6-9e37-f907895a3b08}</UniqueIdentifier>
    </Filter>
  </ItemGroup>
  <ItemGroup>
    <ClInclude Include="Entity_DonkeyKong.h">
      <Filter>Headerdateien</Filter>
    </ClInclude>
    <ClInclude Include="DK_Controller.h">
      <Filter>Headerdateien</Filter>
    </ClInclude>
    <ClInclude Include="DK_Model.h">
      <Filter>Headerdateien</Filter>
    </ClInclude>
    <ClInclude Include="DK_View.h">
      <Filter>Headerdateien</Filter>
    </ClInclude>
    <ClInclude Include="Entity_Jumpman.h">
      <Filter>Headerdateien</Filter>
    </ClInclude>
    <ClInclude Include="Entity_Girder.h">
      <Filter>Headerdateien</Filter>
    </ClInclude>
    <ClInclude Include="Entity_Ladder.h">
      <Filter>Headerdateien</Filter>
    </ClInclude>
    <ClInclude Include="Entity_Barrel.h">
      <Filter>Headerdateien</Filter>
    </ClInclude>
    <ClInclude Include="Entity_OilDrum.h">
      <Filter>Headerdateien</Filter>
    </ClInclude>
    <ClInclude Include="Entity_Pauline.h">
      <Filter>Headerdateien</Filter>
    </ClInclude>
    <ClInclude Include="Level_25m.h">
      <Filter>Headerdateien</Filter>
    </ClInclude>
    <ClInclude Include="DK_Factory.h">
      <Filter>Headerdateien</Filter>
    </ClInclude>
  </ItemGroup>
  <ItemGroup>
    <ClCompile Include="DK_Controller.cpp">
      <Filter>Quelldateien</Filter>
    </ClCompile>
    <ClCompile Include="DK_Model.cpp">
      <Filter>Quelldateien</Filter>
    </ClCompile>
    <ClCompile Include="Entity_Barrel.cpp">
      <Filter>Quelldateien</Filter>
    </ClCompile>
    <ClCompile Include="Entity_Girder.cpp">
      <Filter>Quelldateien</Filter>
    </ClCompile>
    <ClCompile Include="Entity_Jumpman.cpp">
      <Filter>Quelldateien</Filter>
    </ClCompile>
    <ClCompile Include="Entity_Ladder.cpp">
      <Filter>Quelldateien</Filter>
    </ClCompile>
    <ClCompile Include="Level_25m.cpp">
      <Filter>Quelldateien</Filter>
    </ClCompile>
    <ClCompile Include="DK_View.cpp">
      <Filter>Quelldateien</Filter>
    </ClCompile>
    <ClCompile Include="DK_Launcher.cpp">
      <Filter>Quelldateien</Filter>
    </ClCompile>
  </ItemGroup>
  <ItemGroup>
    <Image Include="textures\border_bottom.bmp">
      <Filter>Ressourcendateien\Images</Filter>
    </Image>
    <Image Include="textures\border_top.bmp">
      <Filter>Ressourcendateien\Images</Filter>
    </Image>
    <Image Include="textures\enemy_lauf1.bmp">
      <Filter>Ressourcendateien\Images</Filter>
    </Image>
    <Image Include="textures\enemy_lauf2.bmp">
      <Filter>Ressourcendateien\Images</Filter>
    </Image>
    <Image Include="textures\ladder.bmp">
      <Filter>Ressourcendateien\Images</Filter>
    </Image>
    <Image Include="textures\player_climb1.bmp">
      <Filter>Ressourcendateien\Images</Filter>
    </Image>
    <Image Include="textures\player_climb2.bmp">
      <Filter>Ressourcendateien\Images</Filter>
    </Image>
    <Image Include="textures\player_dig1_left.bmp">
      <Filter>Ressourcendateien\Images</Filter>
    </Image>
    <Image Include="textures\player_dig1_right.bmp">
      <Filter>Ressourcendateien\Images</Filter>
    </Image>
    <Image Include="textures\player_dig2_left.bmp">
      <Filter>Ressourcendateien\Images</Filter>
    </Image>
    <Image Include="textures\player_dig2_right.bmp">
      <Filter>Ressourcendateien\Images</Filter>
    </Image>
    <Image Include="textures\player_run1_left.bmp">
      <Filter>Ressourcendateien\Images</Filter>
    </Image>
    <Image Include="textures\player_run1_right.bmp">
      <Filter>Ressourcendateien\Images</Filter>
    </Image>
    <Image Include="textures\player_run2_left.bmp">
      <Filter>Ressourcendateien\Images</Filter>
    </Image>
    <Image Include="textures\player_run2_right.bmp">
      <Filter>Ressourcendateien\Images</Filter>
    </Image>
    <Image Include="textures\stone1left.bmp">
      <Filter>Ressourcendateien\Images</Filter>
    </Image>
    <Image Include="textures\stone1middle.bmp">
      <Filter>Ressourcendateien\Images</Filter>
    </Image>
    <Image Include="textures\stone1right.bmp">
      <Filter>Ressourcendateien\Images</Filter>
    </Image>
    <Image Include="textures\stone2left.bmp">
      <Filter>Ressourcendateien\Images</Filter>
    </Image>
    <Image Include="textures\stone2middle.bmp">
      <Filter>Ressourcendateien\Images</Filter>
    </Image>
    <Image Include="textures\stone2right.bmp">
      <Filter>Ressourcendateien\Images</Filter>
    </Image>
  </ItemGroup>
  <ItemGroup>
    <Text Include="levels\stage1.txt">
      <Filter>Ressourcendateien\Leveldata</Filter>
    </Text>
    <Text Include="levels\stage1_movement.txt">
      <Filter>Ressourcendateien\Leveldata</Filter>
    </Text>
  </ItemGroup>
</Project>